
Microsoft Visual Studio Solution File, Format Version 12.00
# Visual Studio Version 17
VisualStudioVersion = 17.3.32929.385
MinimumVisualStudioVersion = 10.0.40219.1
Project("{FAE04EC0-301F-11D3-BF4B-00C04F79EFBC}") = "DotNet", "DotNet\DotNet.csproj", "{8582EA68-078D-43AC-9B99-9DBD4AF9944B}"
EndProject
Global
	GlobalSection(SolutionConfigurationPlatforms) = preSolution
		Debug|Any CPU = Debug|Any CPU
		Release|Any CPU = Release|Any CPU
	EndGlobalSection
	GlobalSection(ProjectConfigurationPlatforms) = postSolution
		{8582EA68-078D-43AC-9B99-9DBD4AF9944B}.Debug|Any CPU.ActiveCfg = Debug|Any CPU
		{8582EA68-078D-43AC-9B99-9DBD4AF9944B}.Debug|Any CPU.Build.0 = Debug|Any CPU
		{8582EA68-078D-43AC-9B99-9DBD4AF9944B}.Release|Any CPU.ActiveCfg = Release|Any CPU
		{8582EA68-078D-43AC-9B99-9DBD4AF9944B}.Release|Any CPU.Build.0 = Release|Any CPU
	EndGlobalSection
	GlobalSection(SolutionProperties) = preSolution
		HideSolutionNode = FALSE
	EndGlobalSection
	GlobalSection(ExtensibilityGlobals) = postSolution
		SolutionGuid = {0E7216AE-C70B-4142-9702-1ADD7D9A09E9}
	EndGlobalSection
EndGlobal
